
Microsoft Visual Studio Solution File, Format Version 12.00
# Visual Studio Version 16
VisualStudioVersion = 16.0.30011.22
MinimumVisualStudioVersion = 10.0.40219.1
Project("{FAE04EC0-301F-11D3-BF4B-00C04F79EFBC}") = "CaeserCipherEncoder", "CaeserCipherEncoder\CaeserCipherEncoder.csproj", "{9B64E1D3-D111-4439-9455-191D09850F5A}"
EndProject
Project("{FAE04EC0-301F-11D3-BF4B-00C04F79EFBC}") = "CaeserCipherEncoder.Test", "CaeserCipherEncoder.Test\CaeserCipherEncoder.Test.csproj", "{2E3FFA32-5744-4DBE-A8A5-92AA93030A03}"
EndProject
Global
	GlobalSection(SolutionConfigurationPlatforms) = preSolution
		Debug|Any CPU = Debug|Any CPU
		Release|Any CPU = Release|Any CPU
	EndGlobalSection
	GlobalSection(ProjectConfigurationPlatforms) = postSolution
		{9B64E1D3-D111-4439-9455-191D09850F5A}.Debug|Any CPU.ActiveCfg = Debug|Any CPU
		{9B64E1D3-D111-4439-9455-191D09850F5A}.Debug|Any CPU.Build.0 = Debug|Any CPU
		{9B64E1D3-D111-4439-9455-191D09850F5A}.Release|Any CPU.ActiveCfg = Release|Any CPU
		{9B64E1D3-D111-4439-9455-191D09850F5A}.Release|Any CPU.Build.0 = Release|Any CPU
		{2E3FFA32-5744-4DBE-A8A5-92AA93030A03}.Debug|Any CPU.ActiveCfg = Debug|Any CPU
		{2E3FFA32-5744-4DBE-A8A5-92AA93030A03}.Debug|Any CPU.Build.0 = Debug|Any CPU
		{2E3FFA32-5744-4DBE-A8A5-92AA93030A03}.Release|Any CPU.ActiveCfg = Release|Any CPU
		{2E3FFA32-5744-4DBE-A8A5-92AA93030A03}.Release|Any CPU.Build.0 = Release|Any CPU
	EndGlobalSection
	GlobalSection(SolutionProperties) = preSolution
		HideSolutionNode = FALSE
	EndGlobalSection
	GlobalSection(ExtensibilityGlobals) = postSolution
		SolutionGuid = {21A65C85-9414-44C0-B61C-05218B814F24}
	EndGlobalSection
EndGlobal
